# THIS IS AN AUTOGENERATED FILE. DO NOT EDIT THIS FILE DIRECTLY.
# yarn lockfile v1


"@otplib/core@^12.0.1":
  version "12.0.1"
  resolved "https://registry.yarnpkg.com/@otplib/core/-/core-12.0.1.tgz#73720a8cedce211fe5b3f683cd5a9c098eaf0f8d"
  integrity sha512-4sGntwbA/AC+SbPhbsziRiD+jNDdIzsZ3JUyfZwjtKyc/wufl1pnSIaG4Uqx8ymPagujub0o92kgBnB89cuAMA==

"@otplib/plugin-crypto@^12.0.1":
  version "12.0.1"
  resolved "https://registry.yarnpkg.com/@otplib/plugin-crypto/-/plugin-crypto-12.0.1.tgz#2b42c624227f4f9303c1c041fca399eddcbae25e"
  integrity sha512-qPuhN3QrT7ZZLcLCyKOSNhuijUi9G5guMRVrxq63r9YNOxxQjPm59gVxLM+7xGnHnM6cimY57tuKsjK7y9LM1g==
  dependencies:
    "@otplib/core" "^12.0.1"

"@otplib/plugin-thirty-two@^12.0.1":
  version "12.0.1"
  resolved "https://registry.yarnpkg.com/@otplib/plugin-thirty-two/-/plugin-thirty-two-12.0.1.tgz#5cc9b56e6e89f2a1fe4a2b38900ca4e11c87aa9e"
  integrity sha512-MtT+uqRso909UkbrrYpJ6XFjj9D+x2Py7KjTO9JDPhL0bJUYVu5kFP4TFZW4NFAywrAtFRxOVY261u0qwb93gA==
  dependencies:
    "@otplib/core" "^12.0.1"
    thirty-two "^1.0.2"

"@otplib/preset-default@^12.0.1":
  version "12.0.1"
  resolved "https://registry.yarnpkg.com/@otplib/preset-default/-/preset-default-12.0.1.tgz#cb596553c08251e71b187ada4a2246ad2a3165ba"
  integrity sha512-xf1v9oOJRyXfluBhMdpOkr+bsE+Irt+0D5uHtvg6x1eosfmHCsCC6ej/m7FXiWqdo0+ZUI6xSKDhJwc8yfiOPQ==
  dependencies:
    "@otplib/core" "^12.0.1"
    "@otplib/plugin-crypto" "^12.0.1"
    "@otplib/plugin-thirty-two" "^12.0.1"

"@otplib/preset-v11@^12.0.1":
  version "12.0.1"
  resolved "https://registry.yarnpkg.com/@otplib/preset-v11/-/preset-v11-12.0.1.tgz#4c7266712e7230500b421ba89252963c838fc96d"
  integrity sha512-9hSetMI7ECqbFiKICrNa4w70deTUfArtwXykPUvSHWOdzOlfa9ajglu7mNCntlvxycTiOAXkQGwjQCzzDEMRMg==
  dependencies:
    "@otplib/core" "^12.0.1"
    "@otplib/plugin-crypto" "^12.0.1"
    "@otplib/plugin-thirty-two" "^12.0.1"

"@playwright/test@^1.50.1":
  version "1.50.1"
  resolved "https://registry.yarnpkg.com/@playwright/test/-/test-1.50.1.tgz#027d00ca77ec79688764eb765cfe9a688807bf0b"
  integrity sha512-Jii3aBg+CEDpgnuDxEp/h7BimHcUTDlpEtce89xEumlJ5ef2hqepZ+PWp1DDpYC/VO9fmWVI1IlEaoI5fK9FXQ==
  dependencies:
    playwright "1.50.1"

"@types/node@^22.13.4":
  version "22.13.4"
  resolved "https://registry.yarnpkg.com/@types/node/-/node-22.13.4.tgz#3fe454d77cd4a2d73c214008b3e331bfaaf5038a"
  integrity sha512-ywP2X0DYtX3y08eFVx5fNIw7/uIv8hYUKgXoK8oayJlLnKcRfEYCxWMVE1XagUdVtCJlZT1AU4LXEABW+L1Peg==
  dependencies:
    undici-types "~6.20.0"

dotenv@^16.4.7:
  version "16.4.7"
  resolved "https://registry.yarnpkg.com/dotenv/-/dotenv-16.4.7.tgz#0e20c5b82950140aa99be360a8a5f52335f53c26"
  integrity sha512-47qPchRCykZC03FhkYAhrvwU4xDBFIj1QPqaarj6mdM/hgUzfPHcpkHJOn3mJAufFeeAxAzeGsr5X0M4k6fLZQ==

fsevents@2.3.2:
  version "2.3.2"
  resolved "https://registry.yarnpkg.com/fsevents/-/fsevents-2.3.2.tgz#8a526f78b8fdf4623b709e0b975c52c24c02fd1a"
  integrity sha512-xiqMQR4xAeHTuB9uWm+fFRcIOgKBMiOBP+eXiyT7jsgVCq1bkVygt00oASowB7EdtpOHaaPgKt812P9ab+DDKA==

otplib@^12.0.1:
  version "12.0.1"
  resolved "https://registry.yarnpkg.com/otplib/-/otplib-12.0.1.tgz#c1d3060ab7aadf041ed2960302f27095777d1f73"
  integrity sha512-xDGvUOQjop7RDgxTQ+o4pOol0/3xSZzawTiPKRrHnQWAy0WjhNs/5HdIDJCrqC4MBynmjXgULc6YfioaxZeFgg==
  dependencies:
    "@otplib/core" "^12.0.1"
    "@otplib/preset-default" "^12.0.1"
    "@otplib/preset-v11" "^12.0.1"

playwright-core@1.50.1:
  version "1.50.1"
  resolved "https://registry.yarnpkg.com/playwright-core/-/playwright-core-1.50.1.tgz#6a0484f1f1c939168f40f0ab3828c4a1592c4504"
  integrity sha512-ra9fsNWayuYumt+NiM069M6OkcRb1FZSK8bgi66AtpFoWkg2+y0bJSNmkFrWhMbEBbVKC/EruAHH3g0zmtwGmQ==

playwright@1.50.1:
  version "1.50.1"
  resolved "https://registry.yarnpkg.com/playwright/-/playwright-1.50.1.tgz#2f93216511d65404f676395bfb97b41aa052b180"
  integrity sha512-G8rwsOQJ63XG6BbKj2w5rHeavFjy5zynBA9zsJMMtBoe/Uf757oG12NXz6e6OirF7RCrTVAKFXbLmn1RbL7Qaw==
  dependencies:
    playwright-core "1.50.1"
  optionalDependencies:
    fsevents "2.3.2"

thirty-two@^1.0.2:
  version "1.0.2"
  resolved "https://registry.yarnpkg.com/thirty-two/-/thirty-two-1.0.2.tgz#4ca2fffc02a51290d2744b9e3f557693ca6b627a"
  integrity sha512-OEI0IWCe+Dw46019YLl6V10Us5bi574EvlJEOcAkB29IzQ/mYD1A6RyNHLjZPiHCmuodxvgF6U+vZO1L15lxVA==

undici-types@~6.20.0:
  version "6.20.0"
  resolved "https://registry.yarnpkg.com/undici-types/-/undici-types-6.20.0.tgz#8171bf22c1f588d1554d55bf204bc624af388433"
  integrity sha512-Ny6QZ2Nju20vw1SRHe3d9jVu6gJ+4e3+MMpqu7pqE5HT6WsTSlce++GQmK5UXS8mzV8DSYHrQH+Xrf2jVcuKNg==
